// !$*UTF8*$!
{
	archiveVersion = 1;
	classes = {
	};
	objectVersion = 55;
	objects = {

/* Begin PBXBuildFile section */
		E5188C6C27EA63A700F2332C /* gls_image_jpeg.cpp in Sources */ = {isa = PBXBuildFile; fileRef = E5AD6275276174FC0055F712 /* gls_image_jpeg.cpp */; };
		E5188C6D27EA63A700F2332C /* gls_cl.cpp in Sources */ = {isa = PBXBuildFile; fileRef = E5AD6276276174FC0055F712 /* gls_cl.cpp */; };
		E5188C6E27EA63A700F2332C /* gls_image_tiff.cpp in Sources */ = {isa = PBXBuildFile; fileRef = E51AACE527E1548400E99B58 /* gls_image_tiff.cpp */; };
		E5188C6F27EA63A700F2332C /* gls_logging.cpp in Sources */ = {isa = PBXBuildFile; fileRef = E5AD627E276174FC0055F712 /* gls_logging.cpp */; };
		E5188C7127EA63A700F2332C /* gls_image_png.cpp in Sources */ = {isa = PBXBuildFile; fileRef = E5AD6277276174FC0055F712 /* gls_image_png.cpp */; };
		E5188C7227EA63A700F2332C /* gls_cl_error.cpp in Sources */ = {isa = PBXBuildFile; fileRef = E5AD627C276174FC0055F712 /* gls_cl_error.cpp */; };
		E5188C7527EA63A700F2332C /* OpenCL.framework in Frameworks */ = {isa = PBXBuildFile; fileRef = E5AD628C276178580055F712 /* OpenCL.framework */; };
		E5188C7627EA63A700F2332C /* libtiff.dylib in Frameworks */ = {isa = PBXBuildFile; fileRef = E5DC9B5F27DFBA9300399222 /* libtiff.dylib */; };
		E5188C7727EA63A700F2332C /* libjpeg.dylib in Frameworks */ = {isa = PBXBuildFile; fileRef = E5AD624B27616D7E0055F712 /* libjpeg.dylib */; };
		E5188C7827EA63A700F2332C /* libpng.dylib in Frameworks */ = {isa = PBXBuildFile; fileRef = E5AD624927616D7E0055F712 /* libpng.dylib */; };
		E5188C7927EA63A700F2332C /* libz.dylib in Frameworks */ = {isa = PBXBuildFile; fileRef = E5AD624A27616D7E0055F712 /* libz.dylib */; };
		E5188C7B27EA63A700F2332C /* OpenCL in CopyFiles */ = {isa = PBXBuildFile; fileRef = E5AD628B276176BB0055F712 /* OpenCL */; };
		E51AACE727E1548400E99B58 /* gls_image_tiff.cpp in Sources */ = {isa = PBXBuildFile; fileRef = E51AACE527E1548400E99B58 /* gls_image_tiff.cpp */; };
		E5AB798627EAD0D7008B3D30 /* raw_pipeline.cpp in Sources */ = {isa = PBXBuildFile; fileRef = E5AB797F27EAD0D7008B3D30 /* raw_pipeline.cpp */; };
		E5AB798727EAD0D7008B3D30 /* demosaic.cpp in Sources */ = {isa = PBXBuildFile; fileRef = E5AB798027EAD0D7008B3D30 /* demosaic.cpp */; };
		E5AB798827EAD0D7008B3D30 /* demosaic.cpp in Sources */ = {isa = PBXBuildFile; fileRef = E5AB798027EAD0D7008B3D30 /* demosaic.cpp */; };
		E5AB798927EAD0D7008B3D30 /* cl_pipeline.cpp in Sources */ = {isa = PBXBuildFile; fileRef = E5AB798327EAD0D7008B3D30 /* cl_pipeline.cpp */; };
		E5AB798A27EAD0D7008B3D30 /* cl_pipeline.cpp in Sources */ = {isa = PBXBuildFile; fileRef = E5AB798327EAD0D7008B3D30 /* cl_pipeline.cpp */; };
		E5AB798B27EAD0D7008B3D30 /* main.cpp in Sources */ = {isa = PBXBuildFile; fileRef = E5AB798427EAD0D7008B3D30 /* main.cpp */; };
		E5AB798E27EAD13E008B3D30 /* libtiffxx.dylib in Frameworks */ = {isa = PBXBuildFile; fileRef = E5AB798D27EAD13E008B3D30 /* libtiffxx.dylib */; };
		E5AB798F27EAD13E008B3D30 /* libtiffxx.dylib in Frameworks */ = {isa = PBXBuildFile; fileRef = E5AB798D27EAD13E008B3D30 /* libtiffxx.dylib */; };
		E5AB799C27ED59C0008B3D30 /* gls_tiff_metadata.cpp in Sources */ = {isa = PBXBuildFile; fileRef = E5AB799A27ED59C0008B3D30 /* gls_tiff_metadata.cpp */; };
		E5AB79A127F159A7008B3D30 /* gls_dng_lossless_jpeg.cpp in Sources */ = {isa = PBXBuildFile; fileRef = E5AB79A027F159A7008B3D30 /* gls_dng_lossless_jpeg.cpp */; };
		E5AB79A227F159A7008B3D30 /* gls_dng_lossless_jpeg.cpp in Sources */ = {isa = PBXBuildFile; fileRef = E5AB79A027F159A7008B3D30 /* gls_dng_lossless_jpeg.cpp */; };
		E5AB79A527F21A44008B3D30 /* gls_color_science.cpp in Sources */ = {isa = PBXBuildFile; fileRef = E5AB79A327F21A44008B3D30 /* gls_color_science.cpp */; };
		E5AB79A627F21A44008B3D30 /* gls_color_science.cpp in Sources */ = {isa = PBXBuildFile; fileRef = E5AB79A327F21A44008B3D30 /* gls_color_science.cpp */; };
		E5AD624C27616D7E0055F712 /* libpng.dylib in Frameworks */ = {isa = PBXBuildFile; fileRef = E5AD624927616D7E0055F712 /* libpng.dylib */; };
		E5AD624E27616D7E0055F712 /* libz.dylib in Frameworks */ = {isa = PBXBuildFile; fileRef = E5AD624A27616D7E0055F712 /* libz.dylib */; };
		E5AD625027616D7E0055F712 /* libjpeg.dylib in Frameworks */ = {isa = PBXBuildFile; fileRef = E5AD624B27616D7E0055F712 /* libjpeg.dylib */; };
		E5AD627F276174FC0055F712 /* gls_image_jpeg.cpp in Sources */ = {isa = PBXBuildFile; fileRef = E5AD6275276174FC0055F712 /* gls_image_jpeg.cpp */; };
		E5AD6280276174FC0055F712 /* gls_cl.cpp in Sources */ = {isa = PBXBuildFile; fileRef = E5AD6276276174FC0055F712 /* gls_cl.cpp */; };
		E5AD6281276174FC0055F712 /* gls_image_png.cpp in Sources */ = {isa = PBXBuildFile; fileRef = E5AD6277276174FC0055F712 /* gls_image_png.cpp */; };
		E5AD6282276174FC0055F712 /* gls_cl_error.cpp in Sources */ = {isa = PBXBuildFile; fileRef = E5AD627C276174FC0055F712 /* gls_cl_error.cpp */; };
		E5AD6283276174FC0055F712 /* gls_logging.cpp in Sources */ = {isa = PBXBuildFile; fileRef = E5AD627E276174FC0055F712 /* gls_logging.cpp */; };
		E5AD628D276178580055F712 /* OpenCL.framework in Frameworks */ = {isa = PBXBuildFile; fileRef = E5AD628C276178580055F712 /* OpenCL.framework */; };
		E5AD6294276179630055F712 /* OpenCL in CopyFiles */ = {isa = PBXBuildFile; fileRef = E5AD628B276176BB0055F712 /* OpenCL */; };
		E5DC9B6027DFBA9300399222 /* libtiff.dylib in Frameworks */ = {isa = PBXBuildFile; fileRef = E5DC9B5F27DFBA9300399222 /* libtiff.dylib */; };
/* End PBXBuildFile section */

/* Begin PBXCopyFilesBuildPhase section */
		E5188C7A27EA63A700F2332C /* CopyFiles */ = {
			isa = PBXCopyFilesBuildPhase;
			buildActionMask = 12;
			dstPath = "";
			dstSubfolderSpec = 16;
			files = (
				E5188C7B27EA63A700F2332C /* OpenCL in CopyFiles */,
			);
			runOnlyForDeploymentPostprocessing = 0;
		};
		E5AD623A27616ABA0055F712 /* CopyFiles */ = {
			isa = PBXCopyFilesBuildPhase;
			buildActionMask = 12;
			dstPath = "";
			dstSubfolderSpec = 16;
			files = (
				E5AD6294276179630055F712 /* OpenCL in CopyFiles */,
			);
			runOnlyForDeploymentPostprocessing = 0;
		};
/* End PBXCopyFilesBuildPhase section */

/* Begin PBXFileReference section */
		E5188C7F27EA63A700F2332C /* RawPipeline */ = {isa = PBXFileReference; explicitFileType = "compiled.mach-o.executable"; includeInIndex = 0; path = RawPipeline; sourceTree = BUILT_PRODUCTS_DIR; };
		E51AACE427DFEDFD00E99B58 /* CLImageTest.entitlements */ = {isa = PBXFileReference; lastKnownFileType = text.plist.entitlements; path = CLImageTest.entitlements; sourceTree = "<group>"; };
		E51AACE527E1548400E99B58 /* gls_image_tiff.cpp */ = {isa = PBXFileReference; lastKnownFileType = sourcecode.cpp.cpp; name = gls_image_tiff.cpp; path = ../../src/gls_image_tiff.cpp; sourceTree = "<group>"; };
		E51AACE627E1548400E99B58 /* gls_image_tiff.h */ = {isa = PBXFileReference; lastKnownFileType = sourcecode.c.h; name = gls_image_tiff.h; path = ../../src/gls_image_tiff.h; sourceTree = "<group>"; };
		E51AACE827E1AA1500E99B58 /* gls_auto_ptr.hpp */ = {isa = PBXFileReference; lastKnownFileType = sourcecode.cpp.h; name = gls_auto_ptr.hpp; path = ../../src/gls_auto_ptr.hpp; sourceTree = "<group>"; };
		E5AB797F27EAD0D7008B3D30 /* raw_pipeline.cpp */ = {isa = PBXFileReference; fileEncoding = 4; lastKnownFileType = sourcecode.cpp.cpp; name = raw_pipeline.cpp; path = ../../CLImage/app/src/main/cpp/raw_pipeline.cpp; sourceTree = "<group>"; };
		E5AB798027EAD0D7008B3D30 /* demosaic.cpp */ = {isa = PBXFileReference; fileEncoding = 4; lastKnownFileType = sourcecode.cpp.cpp; name = demosaic.cpp; path = ../../CLImage/app/src/main/cpp/demosaic.cpp; sourceTree = "<group>"; };
		E5AB798127EAD0D7008B3D30 /* demosaic.hpp */ = {isa = PBXFileReference; fileEncoding = 4; lastKnownFileType = sourcecode.cpp.h; name = demosaic.hpp; path = ../../CLImage/app/src/main/cpp/demosaic.hpp; sourceTree = "<group>"; };
		E5AB798227EAD0D7008B3D30 /* cl_pipeline.h */ = {isa = PBXFileReference; fileEncoding = 4; lastKnownFileType = sourcecode.c.h; name = cl_pipeline.h; path = ../../CLImage/app/src/main/cpp/cl_pipeline.h; sourceTree = "<group>"; };
		E5AB798327EAD0D7008B3D30 /* cl_pipeline.cpp */ = {isa = PBXFileReference; fileEncoding = 4; lastKnownFileType = sourcecode.cpp.cpp; name = cl_pipeline.cpp; path = ../../CLImage/app/src/main/cpp/cl_pipeline.cpp; sourceTree = "<group>"; };
		E5AB798427EAD0D7008B3D30 /* main.cpp */ = {isa = PBXFileReference; fileEncoding = 4; lastKnownFileType = sourcecode.cpp.cpp; name = main.cpp; path = ../../CLImage/app/src/main/cpp/main.cpp; sourceTree = "<group>"; };
		E5AB798D27EAD13E008B3D30 /* libtiffxx.dylib */ = {isa = PBXFileReference; lastKnownFileType = "compiled.mach-o.dylib"; name = libtiffxx.dylib; path = CLImageTest/libs/libtiffxx.dylib; sourceTree = "<group>"; };
		E5AB799927EBD9D3008B3D30 /* gls_dng_lossless_jpeg.hpp */ = {isa = PBXFileReference; fileEncoding = 4; lastKnownFileType = sourcecode.cpp.h; name = gls_dng_lossless_jpeg.hpp; path = ../../src/gls_dng_lossless_jpeg.hpp; sourceTree = "<group>"; };
		E5AB799A27ED59C0008B3D30 /* gls_tiff_metadata.cpp */ = {isa = PBXFileReference; lastKnownFileType = sourcecode.cpp.cpp; name = gls_tiff_metadata.cpp; path = ../../src/gls_tiff_metadata.cpp; sourceTree = "<group>"; };
		E5AB799B27ED59C0008B3D30 /* gls_tiff_metadata.hpp */ = {isa = PBXFileReference; lastKnownFileType = sourcecode.cpp.h; name = gls_tiff_metadata.hpp; path = ../../src/gls_tiff_metadata.hpp; sourceTree = "<group>"; };
		E5AB79A027F159A7008B3D30 /* gls_dng_lossless_jpeg.cpp */ = {isa = PBXFileReference; lastKnownFileType = sourcecode.cpp.cpp; name = gls_dng_lossless_jpeg.cpp; path = ../../src/gls_dng_lossless_jpeg.cpp; sourceTree = "<group>"; };
		E5AB79A327F21A44008B3D30 /* gls_color_science.cpp */ = {isa = PBXFileReference; lastKnownFileType = sourcecode.cpp.cpp; name = gls_color_science.cpp; path = ../../src/gls_color_science.cpp; sourceTree = "<group>"; };
		E5AB79A427F21A44008B3D30 /* gls_color_science.hpp */ = {isa = PBXFileReference; lastKnownFileType = sourcecode.cpp.h; name = gls_color_science.hpp; path = ../../src/gls_color_science.hpp; sourceTree = "<group>"; };
		E5AB79A927F2E9E8008B3D30 /* gls_linalg.hpp */ = {isa = PBXFileReference; lastKnownFileType = sourcecode.cpp.h; name = gls_linalg.hpp; path = ../../src/gls_linalg.hpp; sourceTree = "<group>"; };
		E5AD623C27616ABA0055F712 /* CLImageTest */ = {isa = PBXFileReference; explicitFileType = "compiled.mach-o.executable"; includeInIndex = 0; path = CLImageTest; sourceTree = BUILT_PRODUCTS_DIR; };
		E5AD624927616D7E0055F712 /* libpng.dylib */ = {isa = PBXFileReference; lastKnownFileType = "compiled.mach-o.dylib"; name = libpng.dylib; path = CLImageTest/libs/libpng.dylib; sourceTree = "<group>"; };
		E5AD624A27616D7E0055F712 /* libz.dylib */ = {isa = PBXFileReference; lastKnownFileType = "compiled.mach-o.dylib"; name = libz.dylib; path = CLImageTest/libs/libz.dylib; sourceTree = "<group>"; };
		E5AD624B27616D7E0055F712 /* libjpeg.dylib */ = {isa = PBXFileReference; lastKnownFileType = "compiled.mach-o.dylib"; name = libjpeg.dylib; path = CLImageTest/libs/libjpeg.dylib; sourceTree = "<group>"; };
		E5AD62592761717D0055F712 /* includes */ = {isa = PBXFileReference; lastKnownFileType = folder; path = includes; sourceTree = "<group>"; };
		E5AD6274276174FC0055F712 /* gls_image.hpp */ = {isa = PBXFileReference; fileEncoding = 4; lastKnownFileType = sourcecode.cpp.h; name = gls_image.hpp; path = ../../src/gls_image.hpp; sourceTree = "<group>"; };
		E5AD6275276174FC0055F712 /* gls_image_jpeg.cpp */ = {isa = PBXFileReference; fileEncoding = 4; lastKnownFileType = sourcecode.cpp.cpp; name = gls_image_jpeg.cpp; path = ../../src/gls_image_jpeg.cpp; sourceTree = "<group>"; };
		E5AD6276276174FC0055F712 /* gls_cl.cpp */ = {isa = PBXFileReference; fileEncoding = 4; lastKnownFileType = sourcecode.cpp.cpp; name = gls_cl.cpp; path = ../../src/gls_cl.cpp; sourceTree = "<group>"; };
		E5AD6277276174FC0055F712 /* gls_image_png.cpp */ = {isa = PBXFileReference; fileEncoding = 4; lastKnownFileType = sourcecode.cpp.cpp; name = gls_image_png.cpp; path = ../../src/gls_image_png.cpp; sourceTree = "<group>"; };
		E5AD6278276174FC0055F712 /* gls_image_png.h */ = {isa = PBXFileReference; fileEncoding = 4; lastKnownFileType = sourcecode.c.h; name = gls_image_png.h; path = ../../src/gls_image_png.h; sourceTree = "<group>"; };
		E5AD6279276174FC0055F712 /* gls_logging.h */ = {isa = PBXFileReference; fileEncoding = 4; lastKnownFileType = sourcecode.c.h; name = gls_logging.h; path = ../../src/gls_logging.h; sourceTree = "<group>"; };
		E5AD627A276174FC0055F712 /* gls_cl_image.hpp */ = {isa = PBXFileReference; fileEncoding = 4; lastKnownFileType = sourcecode.cpp.h; name = gls_cl_image.hpp; path = ../../src/gls_cl_image.hpp; sourceTree = "<group>"; };
		E5AD627B276174FC0055F712 /* gls_image_jpeg.h */ = {isa = PBXFileReference; fileEncoding = 4; lastKnownFileType = sourcecode.c.h; name = gls_image_jpeg.h; path = ../../src/gls_image_jpeg.h; sourceTree = "<group>"; };
		E5AD627C276174FC0055F712 /* gls_cl_error.cpp */ = {isa = PBXFileReference; fileEncoding = 4; lastKnownFileType = sourcecode.cpp.cpp; name = gls_cl_error.cpp; path = ../../src/gls_cl_error.cpp; sourceTree = "<group>"; };
		E5AD627D276174FC0055F712 /* gls_cl.hpp */ = {isa = PBXFileReference; fileEncoding = 4; lastKnownFileType = sourcecode.cpp.h; name = gls_cl.hpp; path = ../../src/gls_cl.hpp; sourceTree = "<group>"; };
		E5AD627E276174FC0055F712 /* gls_logging.cpp */ = {isa = PBXFileReference; fileEncoding = 4; lastKnownFileType = sourcecode.cpp.cpp; name = gls_logging.cpp; path = ../../src/gls_logging.cpp; sourceTree = "<group>"; };
		E5AD628B276176BB0055F712 /* OpenCL */ = {isa = PBXFileReference; lastKnownFileType = folder; name = OpenCL; path = ../../CLImage/app/src/main/cpp/OpenCL; sourceTree = "<group>"; };
		E5AD628C276178580055F712 /* OpenCL.framework */ = {isa = PBXFileReference; lastKnownFileType = wrapper.framework; name = OpenCL.framework; path = System/Library/Frameworks/OpenCL.framework; sourceTree = SDKROOT; };
		E5DC9B5F27DFBA9300399222 /* libtiff.dylib */ = {isa = PBXFileReference; lastKnownFileType = "compiled.mach-o.dylib"; name = libtiff.dylib; path = CLImageTest/libs/libtiff.dylib; sourceTree = "<group>"; };
/* End PBXFileReference section */

/* Begin PBXFrameworksBuildPhase section */
		E5188C7427EA63A700F2332C /* Frameworks */ = {
			isa = PBXFrameworksBuildPhase;
			buildActionMask = 2147483647;
			files = (
				E5188C7527EA63A700F2332C /* OpenCL.framework in Frameworks */,
				E5188C7627EA63A700F2332C /* libtiff.dylib in Frameworks */,
				E5188C7727EA63A700F2332C /* libjpeg.dylib in Frameworks */,
				E5188C7827EA63A700F2332C /* libpng.dylib in Frameworks */,
				E5188C7927EA63A700F2332C /* libz.dylib in Frameworks */,
				E5AB798F27EAD13E008B3D30 /* libtiffxx.dylib in Frameworks */,
			);
			runOnlyForDeploymentPostprocessing = 0;
		};
		E5AD623927616ABA0055F712 /* Frameworks */ = {
			isa = PBXFrameworksBuildPhase;
			buildActionMask = 2147483647;
			files = (
				E5AD628D276178580055F712 /* OpenCL.framework in Frameworks */,
				E5DC9B6027DFBA9300399222 /* libtiff.dylib in Frameworks */,
				E5AD625027616D7E0055F712 /* libjpeg.dylib in Frameworks */,
				E5AD624C27616D7E0055F712 /* libpng.dylib in Frameworks */,
				E5AD624E27616D7E0055F712 /* libz.dylib in Frameworks */,
				E5AB798E27EAD13E008B3D30 /* libtiffxx.dylib in Frameworks */,
			);
			runOnlyForDeploymentPostprocessing = 0;
		};
/* End PBXFrameworksBuildPhase section */

/* Begin PBXGroup section */
		E5AB797E27EAD0B9008B3D30 /* App */ = {
			isa = PBXGroup;
			children = (
				E5AB798327EAD0D7008B3D30 /* cl_pipeline.cpp */,
				E5AB798227EAD0D7008B3D30 /* cl_pipeline.h */,
				E5AB798027EAD0D7008B3D30 /* demosaic.cpp */,
				E5AB798127EAD0D7008B3D30 /* demosaic.hpp */,
				E5AB798427EAD0D7008B3D30 /* main.cpp */,
				E5AB797F27EAD0D7008B3D30 /* raw_pipeline.cpp */,
			);
			name = App;
			sourceTree = "<group>";
		};
		E5AD623327616ABA0055F712 = {
			isa = PBXGroup;
			children = (
				E5AD623E27616ABB0055F712 /* CLImageTest */,
				E5AD623D27616ABA0055F712 /* Products */,
				E5AD624627616C8B0055F712 /* Frameworks */,
			);
			sourceTree = "<group>";
		};
		E5AD623D27616ABA0055F712 /* Products */ = {
			isa = PBXGroup;
			children = (
				E5AD623C27616ABA0055F712 /* CLImageTest */,
				E5188C7F27EA63A700F2332C /* RawPipeline */,
			);
			name = Products;
			sourceTree = "<group>";
		};
		E5AD623E27616ABB0055F712 /* CLImageTest */ = {
			isa = PBXGroup;
			children = (
				E51AACE427DFEDFD00E99B58 /* CLImageTest.entitlements */,
				E5AB797E27EAD0B9008B3D30 /* App */,
				E5AD62592761717D0055F712 /* includes */,
				E5AD6273276174DA0055F712 /* climage */,
				E5AD628B276176BB0055F712 /* OpenCL */,
			);
			path = CLImageTest;
			sourceTree = "<group>";
		};
		E5AD624627616C8B0055F712 /* Frameworks */ = {
			isa = PBXGroup;
			children = (
				E5AD628C276178580055F712 /* OpenCL.framework */,
				E5AD624B27616D7E0055F712 /* libjpeg.dylib */,
				E5AD624927616D7E0055F712 /* libpng.dylib */,
				E5AD624A27616D7E0055F712 /* libz.dylib */,
				E5DC9B5F27DFBA9300399222 /* libtiff.dylib */,
				E5AB798D27EAD13E008B3D30 /* libtiffxx.dylib */,
			);
			name = Frameworks;
			sourceTree = "<group>";
		};
		E5AD6273276174DA0055F712 /* climage */ = {
			isa = PBXGroup;
			children = (
				E5AB79A927F2E9E8008B3D30 /* gls_linalg.hpp */,
				E5AD627C276174FC0055F712 /* gls_cl_error.cpp */,
				E5AD627A276174FC0055F712 /* gls_cl_image.hpp */,
				E5AD6276276174FC0055F712 /* gls_cl.cpp */,
				E5AD627D276174FC0055F712 /* gls_cl.hpp */,
				E5AD6275276174FC0055F712 /* gls_image_jpeg.cpp */,
				E5AD627B276174FC0055F712 /* gls_image_jpeg.h */,
				E5AD6277276174FC0055F712 /* gls_image_png.cpp */,
				E5AD6278276174FC0055F712 /* gls_image_png.h */,
				E51AACE527E1548400E99B58 /* gls_image_tiff.cpp */,
				E51AACE627E1548400E99B58 /* gls_image_tiff.h */,
				E5AB799A27ED59C0008B3D30 /* gls_tiff_metadata.cpp */,
				E5AB799B27ED59C0008B3D30 /* gls_tiff_metadata.hpp */,
				E5AD6274276174FC0055F712 /* gls_image.hpp */,
				E5AD627E276174FC0055F712 /* gls_logging.cpp */,
				E5AD6279276174FC0055F712 /* gls_logging.h */,
				E51AACE827E1AA1500E99B58 /* gls_auto_ptr.hpp */,
				E5AB799927EBD9D3008B3D30 /* gls_dng_lossless_jpeg.hpp */,
				E5AB79A027F159A7008B3D30 /* gls_dng_lossless_jpeg.cpp */,
				E5AB79A327F21A44008B3D30 /* gls_color_science.cpp */,
				E5AB79A427F21A44008B3D30 /* gls_color_science.hpp */,
			);
			name = climage;
			sourceTree = "<group>";
		};
/* End PBXGroup section */

/* Begin PBXNativeTarget section */
		E5188C6827EA63A700F2332C /* RawPipeline */ = {
			isa = PBXNativeTarget;
			buildConfigurationList = E5188C7C27EA63A700F2332C /* Build configuration list for PBXNativeTarget "RawPipeline" */;
			buildPhases = (
				E5188C6927EA63A700F2332C /* ShellScript */,
				E5188C6A27EA63A700F2332C /* Sources */,
				E5188C7427EA63A700F2332C /* Frameworks */,
				E5188C7A27EA63A700F2332C /* CopyFiles */,
			);
			buildRules = (
			);
			dependencies = (
			);
			name = RawPipeline;
			productName = CLImageTest;
			productReference = E5188C7F27EA63A700F2332C /* RawPipeline */;
			productType = "com.apple.product-type.tool";
		};
		E5AD623B27616ABA0055F712 /* CLImageTest */ = {
			isa = PBXNativeTarget;
			buildConfigurationList = E5AD624327616ABB0055F712 /* Build configuration list for PBXNativeTarget "CLImageTest" */;
			buildPhases = (
				E5AD625327616DC30055F712 /* ShellScript */,
				E5AD623827616ABA0055F712 /* Sources */,
				E5AD623927616ABA0055F712 /* Frameworks */,
				E5AD623A27616ABA0055F712 /* CopyFiles */,
			);
			buildRules = (
			);
			dependencies = (
			);
			name = CLImageTest;
			productName = CLImageTest;
			productReference = E5AD623C27616ABA0055F712 /* CLImageTest */;
			productType = "com.apple.product-type.tool";
		};
/* End PBXNativeTarget section */

/* Begin PBXProject section */
		E5AD623427616ABA0055F712 /* Project object */ = {
			isa = PBXProject;
			attributes = {
				BuildIndependentTargetsInParallel = 1;
				LastUpgradeCheck = 1320;
				TargetAttributes = {
					E5AD623B27616ABA0055F712 = {
						CreatedOnToolsVersion = 13.2;
					};
				};
			};
			buildConfigurationList = E5AD623727616ABA0055F712 /* Build configuration list for PBXProject "CLImageTest" */;
			compatibilityVersion = "Xcode 13.0";
			developmentRegion = en;
			hasScannedForEncodings = 0;
			knownRegions = (
				en,
				Base,
			);
			mainGroup = E5AD623327616ABA0055F712;
			productRefGroup = E5AD623D27616ABA0055F712 /* Products */;
			projectDirPath = "";
			projectRoot = "";
			targets = (
				E5AD623B27616ABA0055F712 /* CLImageTest */,
				E5188C6827EA63A700F2332C /* RawPipeline */,
			);
		};
/* End PBXProject section */

/* Begin PBXShellScriptBuildPhase section */
		E5188C6927EA63A700F2332C /* ShellScript */ = {
			isa = PBXShellScriptBuildPhase;
			buildActionMask = 2147483647;
			files = (
			);
			inputFileListPaths = (
			);
			inputPaths = (
			);
			outputFileListPaths = (
			);
			outputPaths = (
			);
			runOnlyForDeploymentPostprocessing = 0;
			shellPath = /bin/sh;
			shellScript = "UNAME=`uname -m`\n\nif [[ \"$UNAME\" == \"arm64\" ]]; then\n    cp CLImageTest/libs/arm_64/*.dylib CLImageTest/libs\nelse\n    cp CLImageTest/libs/x86_64/*.dylib CLImageTest/libs\nfi\n";
		};
		E5AD625327616DC30055F712 /* ShellScript */ = {
			isa = PBXShellScriptBuildPhase;
			buildActionMask = 2147483647;
			files = (
			);
			inputFileListPaths = (
			);
			inputPaths = (
			);
			outputFileListPaths = (
			);
			outputPaths = (
			);
			runOnlyForDeploymentPostprocessing = 0;
			shellPath = /bin/sh;
			shellScript = "UNAME=`uname -m`\n\nif [[ \"$UNAME\" == \"arm64\" ]]; then\n    cp CLImageTest/libs/arm_64/*.dylib CLImageTest/libs\nelse\n    cp CLImageTest/libs/x86_64/*.dylib CLImageTest/libs\nfi\n";
		};
/* End PBXShellScriptBuildPhase section */

/* Begin PBXSourcesBuildPhase section */
		E5188C6A27EA63A700F2332C /* Sources */ = {
			isa = PBXSourcesBuildPhase;
			buildActionMask = 2147483647;
			files = (
				E5AB798A27EAD0D7008B3D30 /* cl_pipeline.cpp in Sources */,
				E5188C6C27EA63A700F2332C /* gls_image_jpeg.cpp in Sources */,
				E5188C6D27EA63A700F2332C /* gls_cl.cpp in Sources */,
				E5AB79A627F21A44008B3D30 /* gls_color_science.cpp in Sources */,
				E5AB799C27ED59C0008B3D30 /* gls_tiff_metadata.cpp in Sources */,
				E5AB798827EAD0D7008B3D30 /* demosaic.cpp in Sources */,
				E5188C6E27EA63A700F2332C /* gls_image_tiff.cpp in Sources */,
				E5188C6F27EA63A700F2332C /* gls_logging.cpp in Sources */,
				E5188C7127EA63A700F2332C /* gls_image_png.cpp in Sources */,
				E5AB798627EAD0D7008B3D30 /* raw_pipeline.cpp in Sources */,
				E5AB79A227F159A7008B3D30 /* gls_dng_lossless_jpeg.cpp in Sources */,
				E5188C7227EA63A700F2332C /* gls_cl_error.cpp in Sources */,
			);
			runOnlyForDeploymentPostprocessing = 0;
		};
		E5AD623827616ABA0055F712 /* Sources */ = {
			isa = PBXSourcesBuildPhase;
			buildActionMask = 2147483647;
			files = (
				E5AB798927EAD0D7008B3D30 /* cl_pipeline.cpp in Sources */,
				E5AD627F276174FC0055F712 /* gls_image_jpeg.cpp in Sources */,
				E5AD6280276174FC0055F712 /* gls_cl.cpp in Sources */,
				E5AB798727EAD0D7008B3D30 /* demosaic.cpp in Sources */,
				E5AB79A527F21A44008B3D30 /* gls_color_science.cpp in Sources */,
				E51AACE727E1548400E99B58 /* gls_image_tiff.cpp in Sources */,
				E5AD6283276174FC0055F712 /* gls_logging.cpp in Sources */,
				E5AD6281276174FC0055F712 /* gls_image_png.cpp in Sources */,
				E5AB798B27EAD0D7008B3D30 /* main.cpp in Sources */,
				E5AB79A127F159A7008B3D30 /* gls_dng_lossless_jpeg.cpp in Sources */,
				E5AD6282276174FC0055F712 /* gls_cl_error.cpp in Sources */,
			);
			runOnlyForDeploymentPostprocessing = 0;
		};
/* End PBXSourcesBuildPhase section */

/* Begin XCBuildConfiguration section */
		E5188C7D27EA63A700F2332C /* Debug */ = {
			isa = XCBuildConfiguration;
			buildSettings = {
				CLANG_CXX_LANGUAGE_STANDARD = "c++20";
				CODE_SIGN_ENTITLEMENTS = CLImageTest/CLImageTest.entitlements;
				CODE_SIGN_STYLE = Automatic;
				DEVELOPMENT_TEAM = "";
				ENABLE_HARDENED_RUNTIME = NO;
				LIBRARY_SEARCH_PATHS = (
					"$(inherited)",
					"$(PROJECT_DIR)/CLImageTest/libs",
				);
				MACOSX_DEPLOYMENT_TARGET = 12.0;
				PRODUCT_NAME = "$(TARGET_NAME)";
			};
			name = Debug;
		};
		E5188C7E27EA63A700F2332C /* Release */ = {
			isa = XCBuildConfiguration;
			buildSettings = {
				CLANG_CXX_LANGUAGE_STANDARD = "c++20";
				CODE_SIGN_ENTITLEMENTS = CLImageTest/CLImageTest.entitlements;
				CODE_SIGN_STYLE = Automatic;
				DEVELOPMENT_TEAM = "";
				ENABLE_HARDENED_RUNTIME = NO;
				LIBRARY_SEARCH_PATHS = (
					"$(inherited)",
					"$(PROJECT_DIR)/CLImageTest/libs",
				);
				MACOSX_DEPLOYMENT_TARGET = 12.0;
				PRODUCT_NAME = "$(TARGET_NAME)";
			};
			name = Release;
		};
		E5AD624127616ABB0055F712 /* Debug */ = {
			isa = XCBuildConfiguration;
			buildSettings = {
				ALWAYS_SEARCH_USER_PATHS = NO;
				CLANG_ANALYZER_NONNULL = YES;
				CLANG_ANALYZER_NUMBER_OBJECT_CONVERSION = YES_AGGRESSIVE;
				CLANG_CXX_LANGUAGE_STANDARD = "gnu++20";
				CLANG_CXX_LIBRARY = "libc++";
				CLANG_ENABLE_MODULES = YES;
				CLANG_ENABLE_OBJC_ARC = YES;
				CLANG_ENABLE_OBJC_WEAK = YES;
				CLANG_WARN_BLOCK_CAPTURE_AUTORELEASING = YES;
				CLANG_WARN_BOOL_CONVERSION = YES;
				CLANG_WARN_COMMA = YES;
				CLANG_WARN_CONSTANT_CONVERSION = YES;
				CLANG_WARN_DEPRECATED_OBJC_IMPLEMENTATIONS = YES;
				CLANG_WARN_DIRECT_OBJC_ISA_USAGE = YES_ERROR;
				CLANG_WARN_DOCUMENTATION_COMMENTS = YES;
				CLANG_WARN_EMPTY_BODY = YES;
				CLANG_WARN_ENUM_CONVERSION = YES;
				CLANG_WARN_INFINITE_RECURSION = YES;
				CLANG_WARN_INT_CONVERSION = YES;
				CLANG_WARN_NON_LITERAL_NULL_CONVERSION = YES;
				CLANG_WARN_OBJC_IMPLICIT_RETAIN_SELF = YES;
				CLANG_WARN_OBJC_LITERAL_CONVERSION = YES;
				CLANG_WARN_OBJC_ROOT_CLASS = YES_ERROR;
				CLANG_WARN_QUOTED_INCLUDE_IN_FRAMEWORK_HEADER = YES;
				CLANG_WARN_RANGE_LOOP_ANALYSIS = YES;
				CLANG_WARN_STRICT_PROTOTYPES = YES;
				CLANG_WARN_SUSPICIOUS_MOVE = YES;
				CLANG_WARN_UNGUARDED_AVAILABILITY = YES_AGGRESSIVE;
				CLANG_WARN_UNREACHABLE_CODE = YES;
				CLANG_WARN__DUPLICATE_METHOD_MATCH = YES;
				COPY_PHASE_STRIP = NO;
				DEBUG_INFORMATION_FORMAT = dwarf;
				ENABLE_STRICT_OBJC_MSGSEND = YES;
				ENABLE_TESTABILITY = YES;
				GCC_C_LANGUAGE_STANDARD = gnu11;
				GCC_DYNAMIC_NO_PIC = NO;
				GCC_NO_COMMON_BLOCKS = YES;
				GCC_OPTIMIZATION_LEVEL = 0;
				GCC_PREPROCESSOR_DEFINITIONS = (
					"DEBUG=1",
					"$(inherited)",
				);
				GCC_WARN_64_TO_32_BIT_CONVERSION = YES;
				GCC_WARN_ABOUT_RETURN_TYPE = YES_ERROR;
				GCC_WARN_UNDECLARED_SELECTOR = YES;
				GCC_WARN_UNINITIALIZED_AUTOS = YES_AGGRESSIVE;
				GCC_WARN_UNUSED_FUNCTION = YES;
				GCC_WARN_UNUSED_VARIABLE = YES;
				MACOSX_DEPLOYMENT_TARGET = 12.0;
				MTL_ENABLE_DEBUG_INFO = INCLUDE_SOURCE;
				MTL_FAST_MATH = YES;
				ONLY_ACTIVE_ARCH = YES;
				SDKROOT = macosx;
				SYSTEM_HEADER_SEARCH_PATHS = (
					/usr/local/include,
					/opt/homebrew/include,
					"${PROJECT_DIR}/CLImageTest/includes",
				);
			};
			name = Debug;
		};
		E5AD624227616ABB0055F712 /* Release */ = {
			isa = XCBuildConfiguration;
			buildSettings = {
				ALWAYS_SEARCH_USER_PATHS = NO;
				CLANG_ANALYZER_NONNULL = YES;
				CLANG_ANALYZER_NUMBER_OBJECT_CONVERSION = YES_AGGRESSIVE;
				CLANG_CXX_LANGUAGE_STANDARD = "gnu++20";
				CLANG_CXX_LIBRARY = "libc++";
				CLANG_ENABLE_MODULES = YES;
				CLANG_ENABLE_OBJC_ARC = YES;
				CLANG_ENABLE_OBJC_WEAK = YES;
				CLANG_WARN_BLOCK_CAPTURE_AUTORELEASING = YES;
				CLANG_WARN_BOOL_CONVERSION = YES;
				CLANG_WARN_COMMA = YES;
				CLANG_WARN_CONSTANT_CONVERSION = YES;
				CLANG_WARN_DEPRECATED_OBJC_IMPLEMENTATIONS = YES;
				CLANG_WARN_DIRECT_OBJC_ISA_USAGE = YES_ERROR;
				CLANG_WARN_DOCUMENTATION_COMMENTS = YES;
				CLANG_WARN_EMPTY_BODY = YES;
				CLANG_WARN_ENUM_CONVERSION = YES;
				CLANG_WARN_INFINITE_RECURSION = YES;
				CLANG_WARN_INT_CONVERSION = YES;
				CLANG_WARN_NON_LITERAL_NULL_CONVERSION = YES;
				CLANG_WARN_OBJC_IMPLICIT_RETAIN_SELF = YES;
				CLANG_WARN_OBJC_LITERAL_CONVERSION = YES;
				CLANG_WARN_OBJC_ROOT_CLASS = YES_ERROR;
				CLANG_WARN_QUOTED_INCLUDE_IN_FRAMEWORK_HEADER = YES;
				CLANG_WARN_RANGE_LOOP_ANALYSIS = YES;
				CLANG_WARN_STRICT_PROTOTYPES = YES;
				CLANG_WARN_SUSPICIOUS_MOVE = YES;
				CLANG_WARN_UNGUARDED_AVAILABILITY = YES_AGGRESSIVE;
				CLANG_WARN_UNREACHABLE_CODE = YES;
				CLANG_WARN__DUPLICATE_METHOD_MATCH = YES;
				COPY_PHASE_STRIP = NO;
				DEBUG_INFORMATION_FORMAT = "dwarf-with-dsym";
				ENABLE_NS_ASSERTIONS = NO;
				ENABLE_STRICT_OBJC_MSGSEND = YES;
				GCC_C_LANGUAGE_STANDARD = gnu11;
				GCC_NO_COMMON_BLOCKS = YES;
				GCC_WARN_64_TO_32_BIT_CONVERSION = YES;
				GCC_WARN_ABOUT_RETURN_TYPE = YES_ERROR;
				GCC_WARN_UNDECLARED_SELECTOR = YES;
				GCC_WARN_UNINITIALIZED_AUTOS = YES_AGGRESSIVE;
				GCC_WARN_UNUSED_FUNCTION = YES;
				GCC_WARN_UNUSED_VARIABLE = YES;
				MACOSX_DEPLOYMENT_TARGET = 12.0;
				MTL_ENABLE_DEBUG_INFO = NO;
				MTL_FAST_MATH = YES;
				ONLY_ACTIVE_ARCH = YES;
				SDKROOT = macosx;
				SYSTEM_HEADER_SEARCH_PATHS = (
					/usr/local/include,
					/opt/homebrew/include,
					"${PROJECT_DIR}/CLImageTest/includes",
				);
			};
			name = Release;
		};
		E5AD624427616ABB0055F712 /* Debug */ = {
			isa = XCBuildConfiguration;
			buildSettings = {
				CODE_SIGN_ENTITLEMENTS = CLImageTest/CLImageTest.entitlements;
				CODE_SIGN_STYLE = Automatic;
				DEVELOPMENT_TEAM = "";
				ENABLE_HARDENED_RUNTIME = NO;
				LIBRARY_SEARCH_PATHS = (
					"$(inherited)",
					"$(PROJECT_DIR)/CLImageTest/libs",
				);
				MACOSX_DEPLOYMENT_TARGET = 12.0;
				PRODUCT_NAME = "$(TARGET_NAME)";
			};
			name = Debug;
		};
		E5AD624527616ABB0055F712 /* Release */ = {
			isa = XCBuildConfiguration;
			buildSettings = {
				CODE_SIGN_ENTITLEMENTS = CLImageTest/CLImageTest.entitlements;
				CODE_SIGN_STYLE = Automatic;
				DEVELOPMENT_TEAM = "";
				ENABLE_HARDENED_RUNTIME = NO;
				LIBRARY_SEARCH_PATHS = (
					"$(inherited)",
					"$(PROJECT_DIR)/CLImageTest/libs",
				);
				MACOSX_DEPLOYMENT_TARGET = 12.0;
				PRODUCT_NAME = "$(TARGET_NAME)";
			};
			name = Release;
		};
/* End XCBuildConfiguration section */

/* Begin XCConfigurationList section */
		E5188C7C27EA63A700F2332C /* Build configuration list for PBXNativeTarget "RawPipeline" */ = {
			isa = XCConfigurationList;
			buildConfigurations = (
				E5188C7D27EA63A700F2332C /* Debug */,
				E5188C7E27EA63A700F2332C /* Release */,
			);
			defaultConfigurationIsVisible = 0;
			defaultConfigurationName = Release;
		};
		E5AD623727616ABA0055F712 /* Build configuration list for PBXProject "CLImageTest" */ = {
			isa = XCConfigurationList;
			buildConfigurations = (
				E5AD624127616ABB0055F712 /* Debug */,
				E5AD624227616ABB0055F712 /* Release */,
			);
			defaultConfigurationIsVisible = 0;
			defaultConfigurationName = Release;
		};
		E5AD624327616ABB0055F712 /* Build configuration list for PBXNativeTarget "CLImageTest" */ = {
			isa = XCConfigurationList;
			buildConfigurations = (
				E5AD624427616ABB0055F712 /* Debug */,
				E5AD624527616ABB0055F712 /* Release */,
			);
			defaultConfigurationIsVisible = 0;
			defaultConfigurationName = Release;
		};
/* End XCConfigurationList section */
	};
	rootObject = E5AD623427616ABA0055F712 /* Project object */;
}
